// !$*UTF8*$!
{
	archiveVersion = 1;
	classes = {
	};
	objectVersion = 50;
	objects = {

/* Begin PBXBuildFile section */
		3005EFB326E2529F001058BE /* AppDelegate.swift in Sources */ = {isa = PBXBuildFile; fileRef = 3005EFB226E2529F001058BE /* AppDelegate.swift */; };
		3005EFB526E2529F001058BE /* SceneDelegate.swift in Sources */ = {isa = PBXBuildFile; fileRef = 3005EFB426E2529F001058BE /* SceneDelegate.swift */; };
		3005EFB726E2529F001058BE /* ViewController.swift in Sources */ = {isa = PBXBuildFile; fileRef = 3005EFB626E2529F001058BE /* ViewController.swift */; };
		3005EFBA26E2529F001058BE /* Main.storyboard in Resources */ = {isa = PBXBuildFile; fileRef = 3005EFB826E2529F001058BE /* Main.storyboard */; };
		3005EFBC26E252A0001058BE /* Assets.xcassets in Resources */ = {isa = PBXBuildFile; fileRef = 3005EFBB26E252A0001058BE /* Assets.xcassets */; };
		3005EFBF26E252A0001058BE /* LaunchScreen.storyboard in Resources */ = {isa = PBXBuildFile; fileRef = 3005EFBD26E252A0001058BE /* LaunchScreen.storyboard */; };
		3005EFCA26E252A0001058BE /* testAppForAvitoTests.swift in Sources */ = {isa = PBXBuildFile; fileRef = 3005EFC926E252A0001058BE /* testAppForAvitoTests.swift */; };
		3005EFD526E252A0001058BE /* testAppForAvitoUITests.swift in Sources */ = {isa = PBXBuildFile; fileRef = 3005EFD426E252A0001058BE /* testAppForAvitoUITests.swift */; };
/* End PBXBuildFile section */

/* Begin PBXContainerItemProxy section */
		3005EFC626E252A0001058BE /* PBXContainerItemProxy */ = {
			isa = PBXContainerItemProxy;
			containerPortal = 3005EFA726E2529F001058BE /* Project object */;
			proxyType = 1;
			remoteGlobalIDString = 3005EFAE26E2529F001058BE;
			remoteInfo = testAppForAvito;
		};
		3005EFD126E252A0001058BE /* PBXContainerItemProxy */ = {
			isa = PBXContainerItemProxy;
			containerPortal = 3005EFA726E2529F001058BE /* Project object */;
			proxyType = 1;
			remoteGlobalIDString = 3005EFAE26E2529F001058BE;
			remoteInfo = testAppForAvito;
		};
/* End PBXContainerItemProxy section */

/* Begin PBXFileReference section */
		3005EFAF26E2529F001058BE /* testAppForAvito.app */ = {isa = PBXFileReference; explicitFileType = wrapper.application; includeInIndex = 0; path = testAppForAvito.app; sourceTree = BUILT_PRODUCTS_DIR; };
		3005EFB226E2529F001058BE /* AppDelegate.swift */ = {isa = PBXFileReference; lastKnownFileType = sourcecode.swift; path = AppDelegate.swift; sourceTree = "<group>"; };
		3005EFB426E2529F001058BE /* SceneDelegate.swift */ = {isa = PBXFileReference; lastKnownFileType = sourcecode.swift; path = SceneDelegate.swift; sourceTree = "<group>"; };
		3005EFB626E2529F001058BE /* ViewController.swift */ = {isa = PBXFileReference; lastKnownFileType = sourcecode.swift; path = ViewController.swift; sourceTree = "<group>"; };
		3005EFB926E2529F001058BE /* Base */ = {isa = PBXFileReference; lastKnownFileType = file.storyboard; name = Base; path = Base.lproj/Main.storyboard; sourceTree = "<group>"; };
		3005EFBB26E252A0001058BE /* Assets.xcassets */ = {isa = PBXFileReference; lastKnownFileType = folder.assetcatalog; path = Assets.xcassets; sourceTree = "<group>"; };
		3005EFBE26E252A0001058BE /* Base */ = {isa = PBXFileReference; lastKnownFileType = file.storyboard; name = Base; path = Base.lproj/LaunchScreen.storyboard; sourceTree = "<group>"; };
		3005EFC026E252A0001058BE /* Info.plist */ = {isa = PBXFileReference; lastKnownFileType = text.plist.xml; path = Info.plist; sourceTree = "<group>"; };
		3005EFC526E252A0001058BE /* testAppForAvitoTests.xctest */ = {isa = PBXFileReference; explicitFileType = wrapper.cfbundle; includeInIndex = 0; path = testAppForAvitoTests.xctest; sourceTree = BUILT_PRODUCTS_DIR; };
		3005EFC926E252A0001058BE /* testAppForAvitoTests.swift */ = {isa = PBXFileReference; lastKnownFileType = sourcecode.swift; path = testAppForAvitoTests.swift; sourceTree = "<group>"; };
		3005EFCB26E252A0001058BE /* Info.plist */ = {isa = PBXFileReference; lastKnownFileType = text.plist.xml; path = Info.plist; sourceTree = "<group>"; };
		3005EFD026E252A0001058BE /* testAppForAvitoUITests.xctest */ = {isa = PBXFileReference; explicitFileType = wrapper.cfbundle; includeInIndex = 0; path = testAppForAvitoUITests.xctest; sourceTree = BUILT_PRODUCTS_DIR; };
		3005EFD426E252A0001058BE /* testAppForAvitoUITests.swift */ = {isa = PBXFileReference; lastKnownFileType = sourcecode.swift; path = testAppForAvitoUITests.swift; sourceTree = "<group>"; };
		3005EFD626E252A0001058BE /* Info.plist */ = {isa = PBXFileReference; lastKnownFileType = text.plist.xml; path = Info.plist; sourceTree = "<group>"; };
/* End PBXFileReference section */

/* Begin PBXFrameworksBuildPhase section */
		3005EFAC26E2529F001058BE /* Frameworks */ = {
			isa = PBXFrameworksBuildPhase;
			buildActionMask = 2147483647;
			files = (
			);
			runOnlyForDeploymentPostprocessing = 0;
		};
		3005EFC226E252A0001058BE /* Frameworks */ = {
			isa = PBXFrameworksBuildPhase;
			buildActionMask = 2147483647;
			files = (
			);
			runOnlyForDeploymentPostprocessing = 0;
		};
		3005EFCD26E252A0001058BE /* Frameworks */ = {
			isa = PBXFrameworksBuildPhase;
			buildActionMask = 2147483647;
			files = (
			);
			runOnlyForDeploymentPostprocessing = 0;
		};
/* End PBXFrameworksBuildPhase section */

/* Begin PBXGroup section */
		3005EFA626E2529F001058BE = {
			isa = PBXGroup;
			children = (
				3005EFB126E2529F001058BE /* testAppForAvito */,
				3005EFC826E252A0001058BE /* testAppForAvitoTests */,
				3005EFD326E252A0001058BE /* testAppForAvitoUITests */,
				3005EFB026E2529F001058BE /* Products */,
			);
			sourceTree = "<group>";
		};
		3005EFB026E2529F001058BE /* Products */ = {
			isa = PBXGroup;
			children = (
				3005EFAF26E2529F001058BE /* testAppForAvito.app */,
				3005EFC526E252A0001058BE /* testAppForAvitoTests.xctest */,
				3005EFD026E252A0001058BE /* testAppForAvitoUITests.xctest */,
			);
			name = Products;
			sourceTree = "<group>";
		};
		3005EFB126E2529F001058BE /* testAppForAvito */ = {
			isa = PBXGroup;
			children = (
				3005EFB226E2529F001058BE /* AppDelegate.swift */,
				3005EFB426E2529F001058BE /* SceneDelegate.swift */,
				3005EFB626E2529F001058BE /* ViewController.swift */,
				3005EFB826E2529F001058BE /* Main.storyboard */,
				3005EFBB26E252A0001058BE /* Assets.xcassets */,
				3005EFBD26E252A0001058BE /* LaunchScreen.storyboard */,
				3005EFC026E252A0001058BE /* Info.plist */,
			);
			path = testAppForAvito;
			sourceTree = "<group>";
		};
		3005EFC826E252A0001058BE /* testAppForAvitoTests */ = {
			isa = PBXGroup;
			children = (
				3005EFC926E252A0001058BE /* testAppForAvitoTests.swift */,
				3005EFCB26E252A0001058BE /* Info.plist */,
			);
			path = testAppForAvitoTests;
			sourceTree = "<group>";
		};
		3005EFD326E252A0001058BE /* testAppForAvitoUITests */ = {
			isa = PBXGroup;
			children = (
				3005EFD426E252A0001058BE /* testAppForAvitoUITests.swift */,
				3005EFD626E252A0001058BE /* Info.plist */,
			);
			path = testAppForAvitoUITests;
			sourceTree = "<group>";
		};
/* End PBXGroup section */

/* Begin PBXNativeTarget section */
		3005EFAE26E2529F001058BE /* testAppForAvito */ = {
			isa = PBXNativeTarget;
			buildConfigurationList = 3005EFD926E252A0001058BE /* Build configuration list for PBXNativeTarget "testAppForAvito" */;
			buildPhases = (
				3005EFAB26E2529F001058BE /* Sources */,
				3005EFAC26E2529F001058BE /* Frameworks */,
				3005EFAD26E2529F001058BE /* Resources */,
			);
			buildRules = (
			);
			dependencies = (
			);
			name = testAppForAvito;
			productName = testAppForAvito;
			productReference = 3005EFAF26E2529F001058BE /* testAppForAvito.app */;
			productType = "com.apple.product-type.application";
		};
		3005EFC426E252A0001058BE /* testAppForAvitoTests */ = {
			isa = PBXNativeTarget;
			buildConfigurationList = 3005EFDC26E252A0001058BE /* Build configuration list for PBXNativeTarget "testAppForAvitoTests" */;
			buildPhases = (
				3005EFC126E252A0001058BE /* Sources */,
				3005EFC226E252A0001058BE /* Frameworks */,
				3005EFC326E252A0001058BE /* Resources */,
			);
			buildRules = (
			);
			dependencies = (
				3005EFC726E252A0001058BE /* PBXTargetDependency */,
			);
			name = testAppForAvitoTests;
			productName = testAppForAvitoTests;
			productReference = 3005EFC526E252A0001058BE /* testAppForAvitoTests.xctest */;
			productType = "com.apple.product-type.bundle.unit-test";
		};
		3005EFCF26E252A0001058BE /* testAppForAvitoUITests */ = {
			isa = PBXNativeTarget;
			buildConfigurationList = 3005EFDF26E252A0001058BE /* Build configuration list for PBXNativeTarget "testAppForAvitoUITests" */;
			buildPhases = (
				3005EFCC26E252A0001058BE /* Sources */,
				3005EFCD26E252A0001058BE /* Frameworks */,
				3005EFCE26E252A0001058BE /* Resources */,
			);
			buildRules = (
			);
			dependencies = (
				3005EFD226E252A0001058BE /* PBXTargetDependency */,
			);
			name = testAppForAvitoUITests;
			productName = testAppForAvitoUITests;
			productReference = 3005EFD026E252A0001058BE /* testAppForAvitoUITests.xctest */;
			productType = "com.apple.product-type.bundle.ui-testing";
		};
/* End PBXNativeTarget section */

/* Begin PBXProject section */
		3005EFA726E2529F001058BE /* Project object */ = {
			isa = PBXProject;
			attributes = {
				LastSwiftUpdateCheck = 1250;
				LastUpgradeCheck = 1250;
				TargetAttributes = {
					3005EFAE26E2529F001058BE = {
						CreatedOnToolsVersion = 12.5.1;
					};
					3005EFC426E252A0001058BE = {
						CreatedOnToolsVersion = 12.5.1;
						TestTargetID = 3005EFAE26E2529F001058BE;
					};
					3005EFCF26E252A0001058BE = {
						CreatedOnToolsVersion = 12.5.1;
						TestTargetID = 3005EFAE26E2529F001058BE;
					};
				};
			};
			buildConfigurationList = 3005EFAA26E2529F001058BE /* Build configuration list for PBXProject "testAppForAvito" */;
			compatibilityVersion = "Xcode 9.3";
			developmentRegion = en;
			hasScannedForEncodings = 0;
			knownRegions = (
				en,
				Base,
			);
			mainGroup = 3005EFA626E2529F001058BE;
			productRefGroup = 3005EFB026E2529F001058BE /* Products */;
			projectDirPath = "";
			projectRoot = "";
			targets = (
				3005EFAE26E2529F001058BE /* testAppForAvito */,
				3005EFC426E252A0001058BE /* testAppForAvitoTests */,
				3005EFCF26E252A0001058BE /* testAppForAvitoUITests */,
			);
		};
/* End PBXProject section */

/* Begin PBXResourcesBuildPhase section */
		3005EFAD26E2529F001058BE /* Resources */ = {
			isa = PBXResourcesBuildPhase;
			buildActionMask = 2147483647;
			files = (
				3005EFBF26E252A0001058BE /* LaunchScreen.storyboard in Resources */,
				3005EFBC26E252A0001058BE /* Assets.xcassets in Resources */,
				3005EFBA26E2529F001058BE /* Main.storyboard in Resources */,
			);
			runOnlyForDeploymentPostprocessing = 0;
		};
		3005EFC326E252A0001058BE /* Resources */ = {
			isa = PBXResourcesBuildPhase;
			buildActionMask = 2147483647;
			files = (
			);
			runOnlyForDeploymentPostprocessing = 0;
		};
		3005EFCE26E252A0001058BE /* Resources */ = {
			isa = PBXResourcesBuildPhase;
			buildActionMask = 2147483647;
			files = (
			);
			runOnlyForDeploymentPostprocessing = 0;
		};
/* End PBXResourcesBuildPhase section */

/* Begin PBXSourcesBuildPhase section */
		3005EFAB26E2529F001058BE /* Sources */ = {
			isa = PBXSourcesBuildPhase;
			buildActionMask = 2147483647;
			files = (
				3005EFB726E2529F001058BE /* ViewController.swift in Sources */,
				3005EFB326E2529F001058BE /* AppDelegate.swift in Sources */,
				3005EFB526E2529F001058BE /* SceneDelegate.swift in Sources */,
			);
			runOnlyForDeploymentPostprocessing = 0;
		};
		3005EFC126E252A0001058BE /* Sources */ = {
			isa = PBXSourcesBuildPhase;
			buildActionMask = 2147483647;
			files = (
				3005EFCA26E252A0001058BE /* testAppForAvitoTests.swift in Sources */,
			);
			runOnlyForDeploymentPostprocessing = 0;
		};
		3005EFCC26E252A0001058BE /* Sources */ = {
			isa = PBXSourcesBuildPhase;
			buildActionMask = 2147483647;
			files = (
				3005EFD526E252A0001058BE /* testAppForAvitoUITests.swift in Sources */,
			);
			runOnlyForDeploymentPostprocessing = 0;
		};
/* End PBXSourcesBuildPhase section */

/* Begin PBXTargetDependency section */
		3005EFC726E252A0001058BE /* PBXTargetDependency */ = {
			isa = PBXTargetDependency;
			target = 3005EFAE26E2529F001058BE /* testAppForAvito */;
			targetProxy = 3005EFC626E252A0001058BE /* PBXContainerItemProxy */;
		};
		3005EFD226E252A0001058BE /* PBXTargetDependency */ = {
			isa = PBXTargetDependency;
			target = 3005EFAE26E2529F001058BE /* testAppForAvito */;
			targetProxy = 3005EFD126E252A0001058BE /* PBXContainerItemProxy */;
		};
/* End PBXTargetDependency section */

/* Begin PBXVariantGroup section */
		3005EFB826E2529F001058BE /* Main.storyboard */ = {
			isa = PBXVariantGroup;
			children = (
				3005EFB926E2529F001058BE /* Base */,
			);
			name = Main.storyboard;
			sourceTree = "<group>";
		};
		3005EFBD26E252A0001058BE /* LaunchScreen.storyboard */ = {
			isa = PBXVariantGroup;
			children = (
				3005EFBE26E252A0001058BE /* Base */,
			);
			name = LaunchScreen.storyboard;
			sourceTree = "<group>";
		};
/* End PBXVariantGroup section */

/* Begin XCBuildConfiguration section */
		3005EFD726E252A0001058BE /* Debug */ = {
			isa = XCBuildConfiguration;
			buildSettings = {
				ALWAYS_SEARCH_USER_PATHS = NO;
				CLANG_ANALYZER_NONNULL = YES;
				CLANG_ANALYZER_NUMBER_OBJECT_CONVERSION = YES_AGGRESSIVE;
				CLANG_CXX_LANGUAGE_STANDARD = "gnu++14";
				CLANG_CXX_LIBRARY = "libc++";
				CLANG_ENABLE_MODULES = YES;
				CLANG_ENABLE_OBJC_ARC = YES;
				CLANG_ENABLE_OBJC_WEAK = YES;
				CLANG_WARN_BLOCK_CAPTURE_AUTORELEASING = YES;
				CLANG_WARN_BOOL_CONVERSION = YES;
				CLANG_WARN_COMMA = YES;
				CLANG_WARN_CONSTANT_CONVERSION = YES;
				CLANG_WARN_DEPRECATED_OBJC_IMPLEMENTATIONS = YES;
				CLANG_WARN_DIRECT_OBJC_ISA_USAGE = YES_ERROR;
				CLANG_WARN_DOCUMENTATION_COMMENTS = YES;
				CLANG_WARN_EMPTY_BODY = YES;
				CLANG_WARN_ENUM_CONVERSION = YES;
				CLANG_WARN_INFINITE_RECURSION = YES;
				CLANG_WARN_INT_CONVERSION = YES;
				CLANG_WARN_NON_LITERAL_NULL_CONVERSION = YES;
				CLANG_WARN_OBJC_IMPLICIT_RETAIN_SELF = YES;
				CLANG_WARN_OBJC_LITERAL_CONVERSION = YES;
				CLANG_WARN_OBJC_ROOT_CLASS = YES_ERROR;
				CLANG_WARN_QUOTED_INCLUDE_IN_FRAMEWORK_HEADER = YES;
				CLANG_WARN_RANGE_LOOP_ANALYSIS = YES;
				CLANG_WARN_STRICT_PROTOTYPES = YES;
				CLANG_WARN_SUSPICIOUS_MOVE = YES;
				CLANG_WARN_UNGUARDED_AVAILABILITY = YES_AGGRESSIVE;
				CLANG_WARN_UNREACHABLE_CODE = YES;
				CLANG_WARN__DUPLICATE_METHOD_MATCH = YES;
				COPY_PHASE_STRIP = NO;
				DEBUG_INFORMATION_FORMAT = dwarf;
				ENABLE_STRICT_OBJC_MSGSEND = YES;
				ENABLE_TESTABILITY = YES;
				GCC_C_LANGUAGE_STANDARD = gnu11;
				GCC_DYNAMIC_NO_PIC = NO;
				GCC_NO_COMMON_BLOCKS = YES;
				GCC_OPTIMIZATION_LEVEL = 0;
				GCC_PREPROCESSOR_DEFINITIONS = (
					"DEBUG=1",
					"$(inherited)",
				);
				GCC_WARN_64_TO_32_BIT_CONVERSION = YES;
				GCC_WARN_ABOUT_RETURN_TYPE = YES_ERROR;
				GCC_WARN_UNDECLARED_SELECTOR = YES;
				GCC_WARN_UNINITIALIZED_AUTOS = YES_AGGRESSIVE;
				GCC_WARN_UNUSED_FUNCTION = YES;
				GCC_WARN_UNUSED_VARIABLE = YES;
				IPHONEOS_DEPLOYMENT_TARGET = 14.5;
				MTL_ENABLE_DEBUG_INFO = INCLUDE_SOURCE;
				MTL_FAST_MATH = YES;
				ONLY_ACTIVE_ARCH = YES;
				SDKROOT = iphoneos;
				SWIFT_ACTIVE_COMPILATION_CONDITIONS = DEBUG;
				SWIFT_OPTIMIZATION_LEVEL = "-Onone";
			};
			name = Debug;
		};
		3005EFD826E252A0001058BE /* Release */ = {
			isa = XCBuildConfiguration;
			buildSettings = {
				ALWAYS_SEARCH_USER_PATHS = NO;
				CLANG_ANALYZER_NONNULL = YES;
				CLANG_ANALYZER_NUMBER_OBJECT_CONVERSION = YES_AGGRESSIVE;
				CLANG_CXX_LANGUAGE_STANDARD = "gnu++14";
				CLANG_CXX_LIBRARY = "libc++";
				CLANG_ENABLE_MODULES = YES;
				CLANG_ENABLE_OBJC_ARC = YES;
				CLANG_ENABLE_OBJC_WEAK = YES;
				CLANG_WARN_BLOCK_CAPTURE_AUTORELEASING = YES;
				CLANG_WARN_BOOL_CONVERSION = YES;
				CLANG_WARN_COMMA = YES;
				CLANG_WARN_CONSTANT_CONVERSION = YES;
				CLANG_WARN_DEPRECATED_OBJC_IMPLEMENTATIONS = YES;
				CLANG_WARN_DIRECT_OBJC_ISA_USAGE = YES_ERROR;
				CLANG_WARN_DOCUMENTATION_COMMENTS = YES;
				CLANG_WARN_EMPTY_BODY = YES;
				CLANG_WARN_ENUM_CONVERSION = YES;
				CLANG_WARN_INFINITE_RECURSION = YES;
				CLANG_WARN_INT_CONVERSION = YES;
				CLANG_WARN_NON_LITERAL_NULL_CONVERSION = YES;
				CLANG_WARN_OBJC_IMPLICIT_RETAIN_SELF = YES;
				CLANG_WARN_OBJC_LITERAL_CONVERSION = YES;
				CLANG_WARN_OBJC_ROOT_CLASS = YES_ERROR;
				CLANG_WARN_QUOTED_INCLUDE_IN_FRAMEWORK_HEADER = YES;
				CLANG_WARN_RANGE_LOOP_ANALYSIS = YES;
				CLANG_WARN_STRICT_PROTOTYPES = YES;
				CLANG_WARN_SUSPICIOUS_MOVE = YES;
				CLANG_WARN_UNGUARDED_AVAILABILITY = YES_AGGRESSIVE;
				CLANG_WARN_UNREACHABLE_CODE = YES;
				CLANG_WARN__DUPLICATE_METHOD_MATCH = YES;
				COPY_PHASE_STRIP = NO;
				DEBUG_INFORMATION_FORMAT = "dwarf-with-dsym";
				ENABLE_NS_ASSERTIONS = NO;
				ENABLE_STRICT_OBJC_MSGSEND = YES;
				GCC_C_LANGUAGE_STANDARD = gnu11;
				GCC_NO_COMMON_BLOCKS = YES;
				GCC_WARN_64_TO_32_BIT_CONVERSION = YES;
				GCC_WARN_ABOUT_RETURN_TYPE = YES_ERROR;
				GCC_WARN_UNDECLARED_SELECTOR = YES;
				GCC_WARN_UNINITIALIZED_AUTOS = YES_AGGRESSIVE;
				GCC_WARN_UNUSED_FUNCTION = YES;
				GCC_WARN_UNUSED_VARIABLE = YES;
				IPHONEOS_DEPLOYMENT_TARGET = 14.5;
				MTL_ENABLE_DEBUG_INFO = NO;
				MTL_FAST_MATH = YES;
				SDKROOT = iphoneos;
				SWIFT_COMPILATION_MODE = wholemodule;
				SWIFT_OPTIMIZATION_LEVEL = "-O";
				VALIDATE_PRODUCT = YES;
			};
			name = Release;
		};
		3005EFDA26E252A0001058BE /* Debug */ = {
			isa = XCBuildConfiguration;
			buildSettings = {
				ASSETCATALOG_COMPILER_APPICON_NAME = AppIcon;
				ASSETCATALOG_COMPILER_GLOBAL_ACCENT_COLOR_NAME = AccentColor;
				CODE_SIGN_STYLE = Automatic;
				DEVELOPMENT_TEAM = 8NQ35J2AX4;
				INFOPLIST_FILE = testAppForAvito/Info.plist;
				LD_RUNPATH_SEARCH_PATHS = (
					"$(inherited)",
					"@executable_path/Frameworks",
				);
				PRODUCT_BUNDLE_IDENTIFIER = NaumovRoman.testAppForAvito;
				PRODUCT_NAME = "$(TARGET_NAME)";
				SWIFT_VERSION = 5.0;
				TARGETED_DEVICE_FAMILY = "1,2";
			};
			name = Debug;
		};
		3005EFDB26E252A0001058BE /* Release */ = {
			isa = XCBuildConfiguration;
			buildSettings = {
				ASSETCATALOG_COMPILER_APPICON_NAME = AppIcon;
				ASSETCATALOG_COMPILER_GLOBAL_ACCENT_COLOR_NAME = AccentColor;
				CODE_SIGN_STYLE = Automatic;
				DEVELOPMENT_TEAM = 8NQ35J2AX4;
				INFOPLIST_FILE = testAppForAvito/Info.plist;
				LD_RUNPATH_SEARCH_PATHS = (
					"$(inherited)",
					"@executable_path/Frameworks",
				);
				PRODUCT_BUNDLE_IDENTIFIER = NaumovRoman.testAppForAvito;
				PRODUCT_NAME = "$(TARGET_NAME)";
				SWIFT_VERSION = 5.0;
				TARGETED_DEVICE_FAMILY = "1,2";
			};
			name = Release;
		};
		3005EFDD26E252A0001058BE /* Debug */ = {
			isa = XCBuildConfiguration;
			buildSettings = {
				ALWAYS_EMBED_SWIFT_STANDARD_LIBRARIES = YES;
				BUNDLE_LOADER = "$(TEST_HOST)";
				CODE_SIGN_STYLE = Automatic;
				DEVELOPMENT_TEAM = 8NQ35J2AX4;
				INFOPLIST_FILE = testAppForAvitoTests/Info.plist;
				IPHONEOS_DEPLOYMENT_TARGET = 14.5;
				LD_RUNPATH_SEARCH_PATHS = (
					"$(inherited)",
					"@executable_path/Frameworks",
					"@loader_path/Frameworks",
				);
				PRODUCT_BUNDLE_IDENTIFIER = NaumovRoman.testAppForAvitoTests;
				PRODUCT_NAME = "$(TARGET_NAME)";
				SWIFT_VERSION = 5.0;
				TARGETED_DEVICE_FAMILY = "1,2";
				TEST_HOST = "$(BUILT_PRODUCTS_DIR)/testAppForAvito.app/testAppForAvito";
			};
			name = Debug;
		};
		3005EFDE26E252A0001058BE /* Release */ = {
			isa = XCBuildConfiguration;
			buildSettings = {
				ALWAYS_EMBED_SWIFT_STANDARD_LIBRARIES = YES;
				BUNDLE_LOADER = "$(TEST_HOST)";
				CODE_SIGN_STYLE = Automatic;
				DEVELOPMENT_TEAM = 8NQ35J2AX4;
				INFOPLIST_FILE = testAppForAvitoTests/Info.plist;
				IPHONEOS_DEPLOYMENT_TARGET = 14.5;
				LD_RUNPATH_SEARCH_PATHS = (
					"$(inherited)",
					"@executable_path/Frameworks",
					"@loader_path/Frameworks",
				);
				PRODUCT_BUNDLE_IDENTIFIER = NaumovRoman.testAppForAvitoTests;
				PRODUCT_NAME = "$(TARGET_NAME)";
				SWIFT_VERSION = 5.0;
				TARGETED_DEVICE_FAMILY = "1,2";
				TEST_HOST = "$(BUILT_PRODUCTS_DIR)/testAppForAvito.app/testAppForAvito";
			};
			name = Release;
		};
		3005EFE026E252A0001058BE /* Debug */ = {
			isa = XCBuildConfiguration;
			buildSettings = {
				ALWAYS_EMBED_SWIFT_STANDARD_LIBRARIES = YES;
				CODE_SIGN_STYLE = Automatic;
				DEVELOPMENT_TEAM = 8NQ35J2AX4;
				INFOPLIST_FILE = testAppForAvitoUITests/Info.plist;
				LD_RUNPATH_SEARCH_PATHS = (
					"$(inherited)",
					"@executable_path/Frameworks",
					"@loader_path/Frameworks",
				);
				PRODUCT_BUNDLE_IDENTIFIER = NaumovRoman.testAppForAvitoUITests;
				PRODUCT_NAME = "$(TARGET_NAME)";
				SWIFT_VERSION = 5.0;
				TARGETED_DEVICE_FAMILY = "1,2";
				TEST_TARGET_NAME = testAppForAvito;
			};
			name = Debug;
		};
		3005EFE126E252A0001058BE /* Release */ = {
			isa = XCBuildConfiguration;
			buildSettings = {
				ALWAYS_EMBED_SWIFT_STANDARD_LIBRARIES = YES;
				CODE_SIGN_STYLE = Automatic;
				DEVELOPMENT_TEAM = 8NQ35J2AX4;
				INFOPLIST_FILE = testAppForAvitoUITests/Info.plist;
				LD_RUNPATH_SEARCH_PATHS = (
					"$(inherited)",
					"@executable_path/Frameworks",
					"@loader_path/Frameworks",
				);
				PRODUCT_BUNDLE_IDENTIFIER = NaumovRoman.testAppForAvitoUITests;
				PRODUCT_NAME = "$(TARGET_NAME)";
				SWIFT_VERSION = 5.0;
				TARGETED_DEVICE_FAMILY = "1,2";
				TEST_TARGET_NAME = testAppForAvito;
			};
			name = Release;
		};
/* End XCBuildConfiguration section */

/* Begin XCConfigurationList section */
		3005EFAA26E2529F001058BE /* Build configuration list for PBXProject "testAppForAvito" */ = {
			isa = XCConfigurationList;
			buildConfigurations = (
				3005EFD726E252A0001058BE /* Debug */,
				3005EFD826E252A0001058BE /* Release */,
			);
			defaultConfigurationIsVisible = 0;
			defaultConfigurationName = Release;
		};
		3005EFD926E252A0001058BE /* Build configuration list for PBXNativeTarget "testAppForAvito" */ = {
			isa = XCConfigurationList;
			buildConfigurations = (
				3005EFDA26E252A0001058BE /* Debug */,
				3005EFDB26E252A0001058BE /* Release */,
			);
			defaultConfigurationIsVisible = 0;
			defaultConfigurationName = Release;
		};
		3005EFDC26E252A0001058BE /* Build configuration list for PBXNativeTarget "testAppForAvitoTests" */ = {
			isa = XCConfigurationList;
			buildConfigurations = (
				3005EFDD26E252A0001058BE /* Debug */,
				3005EFDE26E252A0001058BE /* Release */,
			);
			defaultConfigurationIsVisible = 0;
			defaultConfigurationName = Release;
		};
		3005EFDF26E252A0001058BE /* Build configuration list for PBXNativeTarget "testAppForAvitoUITests" */ = {
			isa = XCConfigurationList;
			buildConfigurations = (
				3005EFE026E252A0001058BE /* Debug */,
				3005EFE126E252A0001058BE /* Release */,
			);
			defaultConfigurationIsVisible = 0;
			defaultConfigurationName = Release;
		};
/* End XCConfigurationList section */
	};
	rootObject = 3005EFA726E2529F001058BE /* Project object */;
}
